// !$*UTF8*$!
{
	archiveVersion = 1;
	classes = {
	};
	objectVersion = 46;
	objects = {

/* Begin PBXBuildFile section */
		E248BB0C1CE195E8001578C8 /* JSOCInteraction.m in Sources */ = {isa = PBXBuildFile; fileRef = E248BB0B1CE195E8001578C8 /* JSOCInteraction.m */; };
		E258A1971BC7AA5200642ABB /* Alert.js in Resources */ = {isa = PBXBuildFile; fileRef = E258A1951BC7AA5200642ABB /* Alert.js */; };
		E258A1981BC7AA5200642ABB /* CallJS.html in Resources */ = {isa = PBXBuildFile; fileRef = E258A1961BC7AA5200642ABB /* CallJS.html */; };
		E258A19A1BC7B1FC00642ABB /* CallOC.html in Resources */ = {isa = PBXBuildFile; fileRef = E258A1991BC7B1FC00642ABB /* CallOC.html */; };
		E2E1B0171BC79AB800DDB574 /* main.m in Sources */ = {isa = PBXBuildFile; fileRef = E2E1B0161BC79AB800DDB574 /* main.m */; };
		E2E1B01A1BC79AB800DDB574 /* AppDelegate.m in Sources */ = {isa = PBXBuildFile; fileRef = E2E1B0191BC79AB800DDB574 /* AppDelegate.m */; };
		E2E1B01D1BC79AB800DDB574 /* ViewController.m in Sources */ = {isa = PBXBuildFile; fileRef = E2E1B01C1BC79AB800DDB574 /* ViewController.m */; };
		E2E1B0201BC79AB800DDB574 /* Main.storyboard in Resources */ = {isa = PBXBuildFile; fileRef = E2E1B01E1BC79AB800DDB574 /* Main.storyboard */; };
		E2E1B0221BC79AB800DDB574 /* Assets.xcassets in Resources */ = {isa = PBXBuildFile; fileRef = E2E1B0211BC79AB800DDB574 /* Assets.xcassets */; };
		E2E1B0251BC79AB800DDB574 /* LaunchScreen.storyboard in Resources */ = {isa = PBXBuildFile; fileRef = E2E1B0231BC79AB800DDB574 /* LaunchScreen.storyboard */; };
		E2E1B0301BC79AB800DDB574 /* JSOCInteractionDemoTests.m in Sources */ = {isa = PBXBuildFile; fileRef = E2E1B02F1BC79AB800DDB574 /* JSOCInteractionDemoTests.m */; };
		E2E1B03B1BC79AB800DDB574 /* JSOCInteractionDemoUITests.m in Sources */ = {isa = PBXBuildFile; fileRef = E2E1B03A1BC79AB800DDB574 /* JSOCInteractionDemoUITests.m */; };
		E2E1B04A1BC79C1600DDB574 /* SecondViewController.m in Sources */ = {isa = PBXBuildFile; fileRef = E2E1B0491BC79C1600DDB574 /* SecondViewController.m */; };
		E2E1B04C1BC7A30F00DDB574 /* JavaScriptCore.framework in Frameworks */ = {isa = PBXBuildFile; fileRef = E2E1B04B1BC7A30F00DDB574 /* JavaScriptCore.framework */; };
		E2EE4EE71BC8FAE400C3F642 /* UIKit.framework in Frameworks */ = {isa = PBXBuildFile; fileRef = E2EE4EE61BC8FAE400C3F642 /* UIKit.framework */; };
/* End PBXBuildFile section */

/* Begin PBXContainerItemProxy section */
		E2E1B02C1BC79AB800DDB574 /* PBXContainerItemProxy */ = {
			isa = PBXContainerItemProxy;
			containerPortal = E2E1B00A1BC79AB800DDB574 /* Project object */;
			proxyType = 1;
			remoteGlobalIDString = E2E1B0111BC79AB800DDB574;
			remoteInfo = JSOCInteractionDemo;
		};
		E2E1B0371BC79AB800DDB574 /* PBXContainerItemProxy */ = {
			isa = PBXContainerItemProxy;
			containerPortal = E2E1B00A1BC79AB800DDB574 /* Project object */;
			proxyType = 1;
			remoteGlobalIDString = E2E1B0111BC79AB800DDB574;
			remoteInfo = JSOCInteractionDemo;
		};
/* End PBXContainerItemProxy section */

/* Begin PBXFileReference section */
		E248BB0A1CE195E8001578C8 /* JSOCInteraction.h */ = {isa = PBXFileReference; fileEncoding = 4; lastKnownFileType = sourcecode.c.h; path = JSOCInteraction.h; sourceTree = "<group>"; };
		E248BB0B1CE195E8001578C8 /* JSOCInteraction.m */ = {isa = PBXFileReference; fileEncoding = 4; lastKnownFileType = sourcecode.c.objc; path = JSOCInteraction.m; sourceTree = "<group>"; };
		E258A1951BC7AA5200642ABB /* Alert.js */ = {isa = PBXFileReference; fileEncoding = 4; lastKnownFileType = sourcecode.javascript; path = Alert.js; sourceTree = "<group>"; };
		E258A1961BC7AA5200642ABB /* CallJS.html */ = {isa = PBXFileReference; fileEncoding = 4; lastKnownFileType = text.html; path = CallJS.html; sourceTree = "<group>"; };
		E258A1991BC7B1FC00642ABB /* CallOC.html */ = {isa = PBXFileReference; fileEncoding = 4; lastKnownFileType = text.html; path = CallOC.html; sourceTree = "<group>"; };
		E2E1B0121BC79AB800DDB574 /* JSOCInteractionDemo.app */ = {isa = PBXFileReference; explicitFileType = wrapper.application; includeInIndex = 0; path = JSOCInteractionDemo.app; sourceTree = BUILT_PRODUCTS_DIR; };
		E2E1B0161BC79AB800DDB574 /* main.m */ = {isa = PBXFileReference; lastKnownFileType = sourcecode.c.objc; path = main.m; sourceTree = "<group>"; };
		E2E1B0181BC79AB800DDB574 /* AppDelegate.h */ = {isa = PBXFileReference; lastKnownFileType = sourcecode.c.h; path = AppDelegate.h; sourceTree = "<group>"; };
		E2E1B0191BC79AB800DDB574 /* AppDelegate.m */ = {isa = PBXFileReference; lastKnownFileType = sourcecode.c.objc; path = AppDelegate.m; sourceTree = "<group>"; };
		E2E1B01B1BC79AB800DDB574 /* ViewController.h */ = {isa = PBXFileReference; lastKnownFileType = sourcecode.c.h; path = ViewController.h; sourceTree = "<group>"; };
		E2E1B01C1BC79AB800DDB574 /* ViewController.m */ = {isa = PBXFileReference; lastKnownFileType = sourcecode.c.objc; path = ViewController.m; sourceTree = "<group>"; };
		E2E1B01F1BC79AB800DDB574 /* Base */ = {isa = PBXFileReference; lastKnownFileType = file.storyboard; name = Base; path = Base.lproj/Main.storyboard; sourceTree = "<group>"; };
		E2E1B0211BC79AB800DDB574 /* Assets.xcassets */ = {isa = PBXFileReference; lastKnownFileType = folder.assetcatalog; path = Assets.xcassets; sourceTree = "<group>"; };
		E2E1B0241BC79AB800DDB574 /* Base */ = {isa = PBXFileReference; lastKnownFileType = file.storyboard; name = Base; path = Base.lproj/LaunchScreen.storyboard; sourceTree = "<group>"; };
		E2E1B0261BC79AB800DDB574 /* Info.plist */ = {isa = PBXFileReference; lastKnownFileType = text.plist.xml; path = Info.plist; sourceTree = "<group>"; };
		E2E1B02B1BC79AB800DDB574 /* JSOCInteractionDemoTests.xctest */ = {isa = PBXFileReference; explicitFileType = wrapper.cfbundle; includeInIndex = 0; path = JSOCInteractionDemoTests.xctest; sourceTree = BUILT_PRODUCTS_DIR; };
		E2E1B02F1BC79AB800DDB574 /* JSOCInteractionDemoTests.m */ = {isa = PBXFileReference; lastKnownFileType = sourcecode.c.objc; path = JSOCInteractionDemoTests.m; sourceTree = "<group>"; };
		E2E1B0311BC79AB800DDB574 /* Info.plist */ = {isa = PBXFileReference; lastKnownFileType = text.plist.xml; path = Info.plist; sourceTree = "<group>"; };
		E2E1B0361BC79AB800DDB574 /* JSOCInteractionDemoUITests.xctest */ = {isa = PBXFileReference; explicitFileType = wrapper.cfbundle; includeInIndex = 0; path = JSOCInteractionDemoUITests.xctest; sourceTree = BUILT_PRODUCTS_DIR; };
		E2E1B03A1BC79AB800DDB574 /* JSOCInteractionDemoUITests.m */ = {isa = PBXFileReference; lastKnownFileType = sourcecode.c.objc; path = JSOCInteractionDemoUITests.m; sourceTree = "<group>"; };
		E2E1B03C1BC79AB800DDB574 /* Info.plist */ = {isa = PBXFileReference; lastKnownFileType = text.plist.xml; path = Info.plist; sourceTree = "<group>"; };
		E2E1B0481BC79C1600DDB574 /* SecondViewController.h */ = {isa = PBXFileReference; fileEncoding = 4; lastKnownFileType = sourcecode.c.h; path = SecondViewController.h; sourceTree = "<group>"; };
		E2E1B0491BC79C1600DDB574 /* SecondViewController.m */ = {isa = PBXFileReference; fileEncoding = 4; lastKnownFileType = sourcecode.c.objc; path = SecondViewController.m; sourceTree = "<group>"; };
		E2E1B04B1BC7A30F00DDB574 /* JavaScriptCore.framework */ = {isa = PBXFileReference; lastKnownFileType = wrapper.framework; name = JavaScriptCore.framework; path = System/Library/Frameworks/JavaScriptCore.framework; sourceTree = SDKROOT; };
		E2EE4EE61BC8FAE400C3F642 /* UIKit.framework */ = {isa = PBXFileReference; lastKnownFileType = wrapper.framework; name = UIKit.framework; path = System/Library/Frameworks/UIKit.framework; sourceTree = SDKROOT; };
/* End PBXFileReference section */

/* Begin PBXFrameworksBuildPhase section */
		E2E1B00F1BC79AB800DDB574 /* Frameworks */ = {
			isa = PBXFrameworksBuildPhase;
			buildActionMask = 2147483647;
			files = (
				E2EE4EE71BC8FAE400C3F642 /* UIKit.framework in Frameworks */,
				E2E1B04C1BC7A30F00DDB574 /* JavaScriptCore.framework in Frameworks */,
			);
			runOnlyForDeploymentPostprocessing = 0;
		};
		E2E1B0281BC79AB800DDB574 /* Frameworks */ = {
			isa = PBXFrameworksBuildPhase;
			buildActionMask = 2147483647;
			files = (
			);
			runOnlyForDeploymentPostprocessing = 0;
		};
		E2E1B0331BC79AB800DDB574 /* Frameworks */ = {
			isa = PBXFrameworksBuildPhase;
			buildActionMask = 2147483647;
			files = (
			);
			runOnlyForDeploymentPostprocessing = 0;
		};
/* End PBXFrameworksBuildPhase section */

/* Begin PBXGroup section */
		E248BB091CE195AF001578C8 /* JSOCInteraction */ = {
			isa = PBXGroup;
			children = (
				E248BB0A1CE195E8001578C8 /* JSOCInteraction.h */,
				E248BB0B1CE195E8001578C8 /* JSOCInteraction.m */,
			);
			path = JSOCInteraction;
			sourceTree = "<group>";
		};
		E258A1941BC7AA5200642ABB /* Resource */ = {
			isa = PBXGroup;
			children = (
				E258A1951BC7AA5200642ABB /* Alert.js */,
				E258A1961BC7AA5200642ABB /* CallJS.html */,
				E258A1991BC7B1FC00642ABB /* CallOC.html */,
			);
			path = Resource;
			sourceTree = "<group>";
		};
		E2E1B0091BC79AB800DDB574 = {
			isa = PBXGroup;
			children = (
				E2EE4EE61BC8FAE400C3F642 /* UIKit.framework */,
				E2E1B04B1BC7A30F00DDB574 /* JavaScriptCore.framework */,
				E2E1B0141BC79AB800DDB574 /* JSOCInteractionDemo */,
				E2E1B02E1BC79AB800DDB574 /* JSOCInteractionDemoTests */,
				E2E1B0391BC79AB800DDB574 /* JSOCInteractionDemoUITests */,
				E2E1B0131BC79AB800DDB574 /* Products */,
			);
			sourceTree = "<group>";
		};
		E2E1B0131BC79AB800DDB574 /* Products */ = {
			isa = PBXGroup;
			children = (
				E2E1B0121BC79AB800DDB574 /* JSOCInteractionDemo.app */,
				E2E1B02B1BC79AB800DDB574 /* JSOCInteractionDemoTests.xctest */,
				E2E1B0361BC79AB800DDB574 /* JSOCInteractionDemoUITests.xctest */,
			);
			name = Products;
			sourceTree = "<group>";
		};
		E2E1B0141BC79AB800DDB574 /* JSOCInteractionDemo */ = {
			isa = PBXGroup;
			children = (
				E248BB091CE195AF001578C8 /* JSOCInteraction */,
				E258A1941BC7AA5200642ABB /* Resource */,
				E2E1B0181BC79AB800DDB574 /* AppDelegate.h */,
				E2E1B0191BC79AB800DDB574 /* AppDelegate.m */,
				E2E1B01B1BC79AB800DDB574 /* ViewController.h */,
				E2E1B01C1BC79AB800DDB574 /* ViewController.m */,
				E2E1B0481BC79C1600DDB574 /* SecondViewController.h */,
				E2E1B0491BC79C1600DDB574 /* SecondViewController.m */,
				E2E1B01E1BC79AB800DDB574 /* Main.storyboard */,
				E2E1B0211BC79AB800DDB574 /* Assets.xcassets */,
				E2E1B0231BC79AB800DDB574 /* LaunchScreen.storyboard */,
				E2E1B0261BC79AB800DDB574 /* Info.plist */,
				E2E1B0151BC79AB800DDB574 /* Supporting Files */,
			);
			path = JSOCInteractionDemo;
			sourceTree = "<group>";
		};
		E2E1B0151BC79AB800DDB574 /* Supporting Files */ = {
			isa = PBXGroup;
			children = (
				E2E1B0161BC79AB800DDB574 /* main.m */,
			);
			name = "Supporting Files";
			sourceTree = "<group>";
		};
		E2E1B02E1BC79AB800DDB574 /* JSOCInteractionDemoTests */ = {
			isa = PBXGroup;
			children = (
				E2E1B02F1BC79AB800DDB574 /* JSOCInteractionDemoTests.m */,
				E2E1B0311BC79AB800DDB574 /* Info.plist */,
			);
			path = JSOCInteractionDemoTests;
			sourceTree = "<group>";
		};
		E2E1B0391BC79AB800DDB574 /* JSOCInteractionDemoUITests */ = {
			isa = PBXGroup;
			children = (
				E2E1B03A1BC79AB800DDB574 /* JSOCInteractionDemoUITests.m */,
				E2E1B03C1BC79AB800DDB574 /* Info.plist */,
			);
			path = JSOCInteractionDemoUITests;
			sourceTree = "<group>";
		};
/* End PBXGroup section */

/* Begin PBXNativeTarget section */
		E2E1B0111BC79AB800DDB574 /* JSOCInteractionDemo */ = {
			isa = PBXNativeTarget;
			buildConfigurationList = E2E1B03F1BC79AB800DDB574 /* Build configuration list for PBXNativeTarget "JSOCInteractionDemo" */;
			buildPhases = (
				E2E1B00E1BC79AB800DDB574 /* Sources */,
				E2E1B00F1BC79AB800DDB574 /* Frameworks */,
				E2E1B0101BC79AB800DDB574 /* Resources */,
			);
			buildRules = (
			);
			dependencies = (
			);
			name = JSOCInteractionDemo;
			productName = JSOCInteractionDemo;
			productReference = E2E1B0121BC79AB800DDB574 /* JSOCInteractionDemo.app */;
			productType = "com.apple.product-type.application";
		};
		E2E1B02A1BC79AB800DDB574 /* JSOCInteractionDemoTests */ = {
			isa = PBXNativeTarget;
			buildConfigurationList = E2E1B0421BC79AB800DDB574 /* Build configuration list for PBXNativeTarget "JSOCInteractionDemoTests" */;
			buildPhases = (
				E2E1B0271BC79AB800DDB574 /* Sources */,
				E2E1B0281BC79AB800DDB574 /* Frameworks */,
				E2E1B0291BC79AB800DDB574 /* Resources */,
			);
			buildRules = (
			);
			dependencies = (
				E2E1B02D1BC79AB800DDB574 /* PBXTargetDependency */,
			);
			name = JSOCInteractionDemoTests;
			productName = JSOCInteractionDemoTests;
			productReference = E2E1B02B1BC79AB800DDB574 /* JSOCInteractionDemoTests.xctest */;
			productType = "com.apple.product-type.bundle.unit-test";
		};
		E2E1B0351BC79AB800DDB574 /* JSOCInteractionDemoUITests */ = {
			isa = PBXNativeTarget;
			buildConfigurationList = E2E1B0451BC79AB800DDB574 /* Build configuration list for PBXNativeTarget "JSOCInteractionDemoUITests" */;
			buildPhases = (
				E2E1B0321BC79AB800DDB574 /* Sources */,
				E2E1B0331BC79AB800DDB574 /* Frameworks */,
				E2E1B0341BC79AB800DDB574 /* Resources */,
			);
			buildRules = (
			);
			dependencies = (
				E2E1B0381BC79AB800DDB574 /* PBXTargetDependency */,
			);
			name = JSOCInteractionDemoUITests;
			productName = JSOCInteractionDemoUITests;
			productReference = E2E1B0361BC79AB800DDB574 /* JSOCInteractionDemoUITests.xctest */;
			productType = "com.apple.product-type.bundle.ui-testing";
		};
/* End PBXNativeTarget section */

/* Begin PBXProject section */
		E2E1B00A1BC79AB800DDB574 /* Project object */ = {
			isa = PBXProject;
			attributes = {
				LastUpgradeCheck = 0700;
				ORGANIZATIONNAME = gongcz;
				TargetAttributes = {
					E2E1B0111BC79AB800DDB574 = {
						CreatedOnToolsVersion = 7.0;
					};
					E2E1B02A1BC79AB800DDB574 = {
						CreatedOnToolsVersion = 7.0;
						TestTargetID = E2E1B0111BC79AB800DDB574;
					};
					E2E1B0351BC79AB800DDB574 = {
						CreatedOnToolsVersion = 7.0;
						TestTargetID = E2E1B0111BC79AB800DDB574;
					};
				};
			};
			buildConfigurationList = E2E1B00D1BC79AB800DDB574 /* Build configuration list for PBXProject "JSOCInteractionDemo" */;
			compatibilityVersion = "Xcode 3.2";
			developmentRegion = English;
			hasScannedForEncodings = 0;
			knownRegions = (
				en,
				Base,
			);
			mainGroup = E2E1B0091BC79AB800DDB574;
			productRefGroup = E2E1B0131BC79AB800DDB574 /* Products */;
			projectDirPath = "";
			projectRoot = "";
			targets = (
				E2E1B0111BC79AB800DDB574 /* JSOCInteractionDemo */,
				E2E1B02A1BC79AB800DDB574 /* JSOCInteractionDemoTests */,
				E2E1B0351BC79AB800DDB574 /* JSOCInteractionDemoUITests */,
			);
		};
/* End PBXProject section */

/* Begin PBXResourcesBuildPhase section */
		E2E1B0101BC79AB800DDB574 /* Resources */ = {
			isa = PBXResourcesBuildPhase;
			buildActionMask = 2147483647;
			files = (
				E258A1981BC7AA5200642ABB /* CallJS.html in Resources */,
				E2E1B0251BC79AB800DDB574 /* LaunchScreen.storyboard in Resources */,
				E2E1B0221BC79AB800DDB574 /* Assets.xcassets in Resources */,
				E2E1B0201BC79AB800DDB574 /* Main.storyboard in Resources */,
				E258A19A1BC7B1FC00642ABB /* CallOC.html in Resources */,
				E258A1971BC7AA5200642ABB /* Alert.js in Resources */,
			);
			runOnlyForDeploymentPostprocessing = 0;
		};
		E2E1B0291BC79AB800DDB574 /* Resources */ = {
			isa = PBXResourcesBuildPhase;
			buildActionMask = 2147483647;
			files = (
			);
			runOnlyForDeploymentPostprocessing = 0;
		};
		E2E1B0341BC79AB800DDB574 /* Resources */ = {
			isa = PBXResourcesBuildPhase;
			buildActionMask = 2147483647;
			files = (
			);
			runOnlyForDeploymentPostprocessing = 0;
		};
/* End PBXResourcesBuildPhase section */

/* Begin PBXSourcesBuildPhase section */
		E2E1B00E1BC79AB800DDB574 /* Sources */ = {
			isa = PBXSourcesBuildPhase;
			buildActionMask = 2147483647;
			files = (
				E248BB0C1CE195E8001578C8 /* JSOCInteraction.m in Sources */,
				E2E1B04A1BC79C1600DDB574 /* SecondViewController.m in Sources */,
				E2E1B01D1BC79AB800DDB574 /* ViewController.m in Sources */,
				E2E1B01A1BC79AB800DDB574 /* AppDelegate.m in Sources */,
				E2E1B0171BC79AB800DDB574 /* main.m in Sources */,
			);
			runOnlyForDeploymentPostprocessing = 0;
		};
		E2E1B0271BC79AB800DDB574 /* Sources */ = {
			isa = PBXSourcesBuildPhase;
			buildActionMask = 2147483647;
			files = (
				E2E1B0301BC79AB800DDB574 /* JSOCInteractionDemoTests.m in Sources */,
			);
			runOnlyForDeploymentPostprocessing = 0;
		};
		E2E1B0321BC79AB800DDB574 /* Sources */ = {
			isa = PBXSourcesBuildPhase;
			buildActionMask = 2147483647;
			files = (
				E2E1B03B1BC79AB800DDB574 /* JSOCInteractionDemoUITests.m in Sources */,
			);
			runOnlyForDeploymentPostprocessing = 0;
		};
/* End PBXSourcesBuildPhase section */

/* Begin PBXTargetDependency section */
		E2E1B02D1BC79AB800DDB574 /* PBXTargetDependency */ = {
			isa = PBXTargetDependency;
			target = E2E1B0111BC79AB800DDB574 /* JSOCInteractionDemo */;
			targetProxy = E2E1B02C1BC79AB800DDB574 /* PBXContainerItemProxy */;
		};
		E2E1B0381BC79AB800DDB574 /* PBXTargetDependency */ = {
			isa = PBXTargetDependency;
			target = E2E1B0111BC79AB800DDB574 /* JSOCInteractionDemo */;
			targetProxy = E2E1B0371BC79AB800DDB574 /* PBXContainerItemProxy */;
		};
/* End PBXTargetDependency section */

/* Begin PBXVariantGroup section */
		E2E1B01E1BC79AB800DDB574 /* Main.storyboard */ = {
			isa = PBXVariantGroup;
			children = (
				E2E1B01F1BC79AB800DDB574 /* Base */,
			);
			name = Main.storyboard;
			sourceTree = "<group>";
		};
		E2E1B0231BC79AB800DDB574 /* LaunchScreen.storyboard */ = {
			isa = PBXVariantGroup;
			children = (
				E2E1B0241BC79AB800DDB574 /* Base */,
			);
			name = LaunchScreen.storyboard;
			sourceTree = "<group>";
		};
/* End PBXVariantGroup section */

/* Begin XCBuildConfiguration section */
		E2E1B03D1BC79AB800DDB574 /* Debug */ = {
			isa = XCBuildConfiguration;
			buildSettings = {
				ALWAYS_SEARCH_USER_PATHS = NO;
				CLANG_CXX_LANGUAGE_STANDARD = "gnu++0x";
				CLANG_CXX_LIBRARY = "libc++";
				CLANG_ENABLE_MODULES = YES;
				CLANG_ENABLE_OBJC_ARC = YES;
				CLANG_WARN_BOOL_CONVERSION = YES;
				CLANG_WARN_CONSTANT_CONVERSION = YES;
				CLANG_WARN_DIRECT_OBJC_ISA_USAGE = YES_ERROR;
				CLANG_WARN_EMPTY_BODY = YES;
				CLANG_WARN_ENUM_CONVERSION = YES;
				CLANG_WARN_INT_CONVERSION = YES;
				CLANG_WARN_OBJC_ROOT_CLASS = YES_ERROR;
				CLANG_WARN_UNREACHABLE_CODE = YES;
				CLANG_WARN__DUPLICATE_METHOD_MATCH = YES;
				"CODE_SIGN_IDENTITY[sdk=iphoneos*]" = "iPhone Developer";
				COPY_PHASE_STRIP = NO;
				DEBUG_INFORMATION_FORMAT = dwarf;
				ENABLE_STRICT_OBJC_MSGSEND = YES;
				ENABLE_TESTABILITY = YES;
				GCC_C_LANGUAGE_STANDARD = gnu99;
				GCC_DYNAMIC_NO_PIC = NO;
				GCC_NO_COMMON_BLOCKS = YES;
				GCC_OPTIMIZATION_LEVEL = 0;
				GCC_PREPROCESSOR_DEFINITIONS = (
					"DEBUG=1",
					"$(inherited)",
				);
				GCC_WARN_64_TO_32_BIT_CONVERSION = YES;
				GCC_WARN_ABOUT_RETURN_TYPE = YES_ERROR;
				GCC_WARN_UNDECLARED_SELECTOR = YES;
				GCC_WARN_UNINITIALIZED_AUTOS = YES_AGGRESSIVE;
				GCC_WARN_UNUSED_FUNCTION = YES;
				GCC_WARN_UNUSED_VARIABLE = YES;
				IPHONEOS_DEPLOYMENT_TARGET = 8.0;
				MTL_ENABLE_DEBUG_INFO = YES;
				ONLY_ACTIVE_ARCH = YES;
				SDKROOT = iphoneos;
				TARGETED_DEVICE_FAMILY = "1,2";
			};
			name = Debug;
		};
		E2E1B03E1BC79AB800DDB574 /* Release */ = {
			isa = XCBuildConfiguration;
			buildSettings = {
				ALWAYS_SEARCH_USER_PATHS = NO;
				CLANG_CXX_LANGUAGE_STANDARD = "gnu++0x";
				CLANG_CXX_LIBRARY = "libc++";
				CLANG_ENABLE_MODULES = YES;
				CLANG_ENABLE_OBJC_ARC = YES;
				CLANG_WARN_BOOL_CONVERSION = YES;
				CLANG_WARN_CONSTANT_CONVERSION = YES;
				CLANG_WARN_DIRECT_OBJC_ISA_USAGE = YES_ERROR;
				CLANG_WARN_EMPTY_BODY = YES;
				CLANG_WARN_ENUM_CONVERSION = YES;
				CLANG_WARN_INT_CONVERSION = YES;
				CLANG_WARN_OBJC_ROOT_CLASS = YES_ERROR;
				CLANG_WARN_UNREACHABLE_CODE = YES;
				CLANG_WARN__DUPLICATE_METHOD_MATCH = YES;
				"CODE_SIGN_IDENTITY[sdk=iphoneos*]" = "iPhone Developer";
				COPY_PHASE_STRIP = NO;
				DEBUG_INFORMATION_FORMAT = "dwarf-with-dsym";
				ENABLE_NS_ASSERTIONS = NO;
				ENABLE_STRICT_OBJC_MSGSEND = YES;
				GCC_C_LANGUAGE_STANDARD = gnu99;
				GCC_NO_COMMON_BLOCKS = YES;
				GCC_WARN_64_TO_32_BIT_CONVERSION = YES;
				GCC_WARN_ABOUT_RETURN_TYPE = YES_ERROR;
				GCC_WARN_UNDECLARED_SELECTOR = YES;
				GCC_WARN_UNINITIALIZED_AUTOS = YES_AGGRESSIVE;
				GCC_WARN_UNUSED_FUNCTION = YES;
				GCC_WARN_UNUSED_VARIABLE = YES;
				IPHONEOS_DEPLOYMENT_TARGET = 8.0;
				MTL_ENABLE_DEBUG_INFO = NO;
				SDKROOT = iphoneos;
				TARGETED_DEVICE_FAMILY = "1,2";
				VALIDATE_PRODUCT = YES;
			};
			name = Release;
		};
		E2E1B0401BC79AB800DDB574 /* Debug */ = {
			isa = XCBuildConfiguration;
			buildSettings = {
				ASSETCATALOG_COMPILER_APPICON_NAME = AppIcon;
				INFOPLIST_FILE = JSOCInteractionDemo/Info.plist;
				IPHONEOS_DEPLOYMENT_TARGET = 8.0;
				LD_RUNPATH_SEARCH_PATHS = "$(inherited) @executable_path/Frameworks";
				PRODUCT_BUNDLE_IDENTIFIER = com.atrseasy.JSOCInteractionDemo;
				PRODUCT_NAME = "$(TARGET_NAME)";
			};
			name = Debug;
		};
		E2E1B0411BC79AB800DDB574 /* Release */ = {
			isa = XCBuildConfiguration;
			buildSettings = {
				ASSETCATALOG_COMPILER_APPICON_NAME = AppIcon;
				INFOPLIST_FILE = JSOCInteractionDemo/Info.plist;
				IPHONEOS_DEPLOYMENT_TARGET = 8.0;
				LD_RUNPATH_SEARCH_PATHS = "$(inherited) @executable_path/Frameworks";
				PRODUCT_BUNDLE_IDENTIFIER = com.atrseasy.JSOCInteractionDemo;
				PRODUCT_NAME = "$(TARGET_NAME)";
			};
			name = Release;
		};
		E2E1B0431BC79AB800DDB574 /* Debug */ = {
			isa = XCBuildConfiguration;
			buildSettings = {
				BUNDLE_LOADER = "$(TEST_HOST)";
				INFOPLIST_FILE = JSOCInteractionDemoTests/Info.plist;
				LD_RUNPATH_SEARCH_PATHS = "$(inherited) @executable_path/Frameworks @loader_path/Frameworks";
				PRODUCT_BUNDLE_IDENTIFIER = com.atrseasy.JSOCInteractionDemoTests;
				PRODUCT_NAME = "$(TARGET_NAME)";
				TEST_HOST = "$(BUILT_PRODUCTS_DIR)/JSOCInteractionDemo.app/JSOCInteractionDemo";
			};
			name = Debug;
		};
		E2E1B0441BC79AB800DDB574 /* Release */ = {
			isa = XCBuildConfiguration;
			buildSettings = {
				BUNDLE_LOADER = "$(TEST_HOST)";
				INFOPLIST_FILE = JSOCInteractionDemoTests/Info.plist;
				LD_RUNPATH_SEARCH_PATHS = "$(inherited) @executable_path/Frameworks @loader_path/Frameworks";
				PRODUCT_BUNDLE_IDENTIFIER = com.atrseasy.JSOCInteractionDemoTests;
				PRODUCT_NAME = "$(TARGET_NAME)";
				TEST_HOST = "$(BUILT_PRODUCTS_DIR)/JSOCInteractionDemo.app/JSOCInteractionDemo";
			};
			name = Release;
		};
		E2E1B0461BC79AB800DDB574 /* Debug */ = {
			isa = XCBuildConfiguration;
			buildSettings = {
				INFOPLIST_FILE = JSOCInteractionDemoUITests/Info.plist;
				LD_RUNPATH_SEARCH_PATHS = "$(inherited) @executable_path/Frameworks @loader_path/Frameworks";
				PRODUCT_BUNDLE_IDENTIFIER = com.atrseasy.JSOCInteractionDemoUITests;
				PRODUCT_NAME = "$(TARGET_NAME)";
				TEST_TARGET_NAME = JSOCInteractionDemo;
				USES_XCTRUNNER = YES;
			};
			name = Debug;
		};
		E2E1B0471BC79AB800DDB574 /* Release */ = {
			isa = XCBuildConfiguration;
			buildSettings = {
				INFOPLIST_FILE = JSOCInteractionDemoUITests/Info.plist;
				LD_RUNPATH_SEARCH_PATHS = "$(inherited) @executable_path/Frameworks @loader_path/Frameworks";
				PRODUCT_BUNDLE_IDENTIFIER = com.atrseasy.JSOCInteractionDemoUITests;
				PRODUCT_NAME = "$(TARGET_NAME)";
				TEST_TARGET_NAME = JSOCInteractionDemo;
				USES_XCTRUNNER = YES;
			};
			name = Release;
		};
/* End XCBuildConfiguration section */

/* Begin XCConfigurationList section */
		E2E1B00D1BC79AB800DDB574 /* Build configuration list for PBXProject "JSOCInteractionDemo" */ = {
			isa = XCConfigurationList;
			buildConfigurations = (
				E2E1B03D1BC79AB800DDB574 /* Debug */,
				E2E1B03E1BC79AB800DDB574 /* Release */,
			);
			defaultConfigurationIsVisible = 0;
			defaultConfigurationName = Release;
		};
		E2E1B03F1BC79AB800DDB574 /* Build configuration list for PBXNativeTarget "JSOCInteractionDemo" */ = {
			isa = XCConfigurationList;
			buildConfigurations = (
				E2E1B0401BC79AB800DDB574 /* Debug */,
				E2E1B0411BC79AB800DDB574 /* Release */,
			);
			defaultConfigurationIsVisible = 0;
			defaultConfigurationName = Release;
		};
		E2E1B0421BC79AB800DDB574 /* Build configuration list for PBXNativeTarget "JSOCInteractionDemoTests" */ = {
			isa = XCConfigurationList;
			buildConfigurations = (
				E2E1B0431BC79AB800DDB574 /* Debug */,
				E2E1B0441BC79AB800DDB574 /* Release */,
			);
			defaultConfigurationIsVisible = 0;
			defaultConfigurationName = Release;
		};
		E2E1B0451BC79AB800DDB574 /* Build configuration list for PBXNativeTarget "JSOCInteractionDemoUITests" */ = {
			isa = XCConfigurationList;
			buildConfigurations = (
				E2E1B0461BC79AB800DDB574 /* Debug */,
				E2E1B0471BC79AB800DDB574 /* Release */,
			);
			defaultConfigurationIsVisible = 0;
			defaultConfigurationName = Release;
		};
/* End XCConfigurationList section */
	};
	rootObject = E2E1B00A1BC79AB800DDB574 /* Project object */;
}
